
Microsoft Visual Studio Solution File, Format Version 12.00
# Visual Studio Version 17
VisualStudioVersion = 17.9.34407.89
MinimumVisualStudioVersion = 10.0.40219.1
Project("{FAE04EC0-301F-11D3-BF4B-00C04F79EFBC}") = "BlazorWebAppRoutingAndNavigation", "BlazorWebAppRoutingAndNavigation\BlazorWebAppRoutingAndNavigation.csproj", "{BD9DDD70-DDF8-42D9-9C45-0E8C621A60A0}"
EndProject
Global
	GlobalSection(SolutionConfigurationPlatforms) = preSolution
		Debug|Any CPU = Debug|Any CPU
		Release|Any CPU = Release|Any CPU
	EndGlobalSection
	GlobalSection(ProjectConfigurationPlatforms) = postSolution
		{BD9DDD70-DDF8-42D9-9C45-0E8C621A60A0}.Debug|Any CPU.ActiveCfg = Debug|Any CPU
		{BD9DDD70-DDF8-42D9-9C45-0E8C621A60A0}.Debug|Any CPU.Build.0 = Debug|Any CPU
		{BD9DDD70-DDF8-42D9-9C45-0E8C621A60A0}.Release|Any CPU.ActiveCfg = Release|Any CPU
		{BD9DDD70-DDF8-42D9-9C45-0E8C621A60A0}.Release|Any CPU.Build.0 = Release|Any CPU
	EndGlobalSection
	GlobalSection(SolutionProperties) = preSolution
		HideSolutionNode = FALSE
	EndGlobalSection
	GlobalSection(ExtensibilityGlobals) = postSolution
		SolutionGuid = {89BDB064-275B-48C9-82F7-780C8A2F2036}
	EndGlobalSection
EndGlobal
